// !$*UTF8*$!
{
	archiveVersion = 1;
	classes = {
	};
	objectVersion = 55;
	objects = {

/* Begin PBXBuildFile section */
		AC243AD12C5A742900EAD093 /* SignInVC.swift in Sources */ = {isa = PBXBuildFile; fileRef = AC243AD02C5A742900EAD093 /* SignInVC.swift */; };
		ACACDFF52C59701400088421 /* SignUp2VC.swift in Sources */ = {isa = PBXBuildFile; fileRef = ACACDFF42C59701400088421 /* SignUp2VC.swift */; };
		ACDC87F72C5905D700EC7787 /* AppDelegate.swift in Sources */ = {isa = PBXBuildFile; fileRef = ACDC87F62C5905D700EC7787 /* AppDelegate.swift */; };
		ACDC87FB2C5905D700EC7787 /* SignUpVC.swift in Sources */ = {isa = PBXBuildFile; fileRef = ACDC87FA2C5905D700EC7787 /* SignUpVC.swift */; };
		ACDC87FE2C5905D700EC7787 /* Main.storyboard in Resources */ = {isa = PBXBuildFile; fileRef = ACDC87FC2C5905D700EC7787 /* Main.storyboard */; };
		ACDC88002C5905D800EC7787 /* Assets.xcassets in Resources */ = {isa = PBXBuildFile; fileRef = ACDC87FF2C5905D800EC7787 /* Assets.xcassets */; };
		ACDC88032C5905D800EC7787 /* LaunchScreen.storyboard in Resources */ = {isa = PBXBuildFile; fileRef = ACDC88012C5905D800EC7787 /* LaunchScreen.storyboard */; };
		ACDC880C2C591BA500EC7787 /* User.swift in Sources */ = {isa = PBXBuildFile; fileRef = ACDC880B2C591BA500EC7787 /* User.swift */; };
		AD7A4CC3702282B431CBD387 /* Pods_MoneyTransfare.framework in Frameworks */ = {isa = PBXBuildFile; fileRef = 63377838E7C9F4922CE3EE11 /* Pods_MoneyTransfare.framework */; };
/* End PBXBuildFile section */

/* Begin PBXFileReference section */
		12543078B263EC5AF69377F4 /* Pods-MoneyTransfare.debug.xcconfig */ = {isa = PBXFileReference; includeInIndex = 1; lastKnownFileType = text.xcconfig; name = "Pods-MoneyTransfare.debug.xcconfig"; path = "Target Support Files/Pods-MoneyTransfare/Pods-MoneyTransfare.debug.xcconfig"; sourceTree = "<group>"; };
		63377838E7C9F4922CE3EE11 /* Pods_MoneyTransfare.framework */ = {isa = PBXFileReference; explicitFileType = wrapper.framework; includeInIndex = 0; path = Pods_MoneyTransfare.framework; sourceTree = BUILT_PRODUCTS_DIR; };
		6A947679DC4770C40D1DFD5C /* Pods-MoneyTransfare.release.xcconfig */ = {isa = PBXFileReference; includeInIndex = 1; lastKnownFileType = text.xcconfig; name = "Pods-MoneyTransfare.release.xcconfig"; path = "Target Support Files/Pods-MoneyTransfare/Pods-MoneyTransfare.release.xcconfig"; sourceTree = "<group>"; };
		AC243AD02C5A742900EAD093 /* SignInVC.swift */ = {isa = PBXFileReference; lastKnownFileType = sourcecode.swift; path = SignInVC.swift; sourceTree = "<group>"; };
		ACACDFF42C59701400088421 /* SignUp2VC.swift */ = {isa = PBXFileReference; lastKnownFileType = sourcecode.swift; path = SignUp2VC.swift; sourceTree = "<group>"; };
		ACDC87F32C5905D700EC7787 /* MoneyTransfare.app */ = {isa = PBXFileReference; explicitFileType = wrapper.application; includeInIndex = 0; path = MoneyTransfare.app; sourceTree = BUILT_PRODUCTS_DIR; };
		ACDC87F62C5905D700EC7787 /* AppDelegate.swift */ = {isa = PBXFileReference; lastKnownFileType = sourcecode.swift; path = AppDelegate.swift; sourceTree = "<group>"; };
		ACDC87FA2C5905D700EC7787 /* SignUpVC.swift */ = {isa = PBXFileReference; lastKnownFileType = sourcecode.swift; path = SignUpVC.swift; sourceTree = "<group>"; };
		ACDC87FD2C5905D700EC7787 /* Base */ = {isa = PBXFileReference; lastKnownFileType = file.storyboard; name = Base; path = Base.lproj/Main.storyboard; sourceTree = "<group>"; };
		ACDC87FF2C5905D800EC7787 /* Assets.xcassets */ = {isa = PBXFileReference; lastKnownFileType = folder.assetcatalog; path = Assets.xcassets; sourceTree = "<group>"; };
		ACDC88022C5905D800EC7787 /* Base */ = {isa = PBXFileReference; lastKnownFileType = file.storyboard; name = Base; path = Base.lproj/LaunchScreen.storyboard; sourceTree = "<group>"; };
		ACDC88042C5905D800EC7787 /* Info.plist */ = {isa = PBXFileReference; lastKnownFileType = text.plist.xml; path = Info.plist; sourceTree = "<group>"; };
		ACDC880B2C591BA500EC7787 /* User.swift */ = {isa = PBXFileReference; lastKnownFileType = sourcecode.swift; path = User.swift; sourceTree = "<group>"; };
/* End PBXFileReference section */

/* Begin PBXFrameworksBuildPhase section */
		ACDC87F02C5905D700EC7787 /* Frameworks */ = {
			isa = PBXFrameworksBuildPhase;
			buildActionMask = 2147483647;
			files = (
				AD7A4CC3702282B431CBD387 /* Pods_MoneyTransfare.framework in Frameworks */,
			);
			runOnlyForDeploymentPostprocessing = 0;
		};
/* End PBXFrameworksBuildPhase section */

/* Begin PBXGroup section */
		59BF887F814DD0058B0854B7 /* Pods */ = {
			isa = PBXGroup;
			children = (
				12543078B263EC5AF69377F4 /* Pods-MoneyTransfare.debug.xcconfig */,
				6A947679DC4770C40D1DFD5C /* Pods-MoneyTransfare.release.xcconfig */,
			);
			path = Pods;
			sourceTree = "<group>";
		};
		AC243AD22C5A771F00EAD093 /* Network */ = {
			isa = PBXGroup;
			children = (
			);
			path = Network;
			sourceTree = "<group>";
		};
		ACDC87EA2C5905D700EC7787 = {
			isa = PBXGroup;
			children = (
				ACDC87F52C5905D700EC7787 /* MoneyTransfare */,
				ACDC87F42C5905D700EC7787 /* Products */,
				59BF887F814DD0058B0854B7 /* Pods */,
				C7B89552ADC8E26B1882D4C0 /* Frameworks */,
			);
			sourceTree = "<group>";
		};
		ACDC87F42C5905D700EC7787 /* Products */ = {
			isa = PBXGroup;
			children = (
				ACDC87F32C5905D700EC7787 /* MoneyTransfare.app */,
			);
			name = Products;
			sourceTree = "<group>";
		};
		ACDC87F52C5905D700EC7787 /* MoneyTransfare */ = {
			isa = PBXGroup;
			children = (
				AC243AD22C5A771F00EAD093 /* Network */,
				ACDC880D2C591BC900EC7787 /* Controler */,
				ACDC880A2C591B8300EC7787 /* Model */,
				ACDC87F62C5905D700EC7787 /* AppDelegate.swift */,
				ACDC87FC2C5905D700EC7787 /* Main.storyboard */,
				ACDC87FF2C5905D800EC7787 /* Assets.xcassets */,
				ACDC88012C5905D800EC7787 /* LaunchScreen.storyboard */,
				ACDC88042C5905D800EC7787 /* Info.plist */,
			);
			path = MoneyTransfare;
			sourceTree = "<group>";
		};
		ACDC880A2C591B8300EC7787 /* Model */ = {
			isa = PBXGroup;
			children = (
				ACDC880B2C591BA500EC7787 /* User.swift */,
			);
			path = Model;
			sourceTree = "<group>";
		};
		ACDC880D2C591BC900EC7787 /* Controler */ = {
			isa = PBXGroup;
			children = (
				ACDC87FA2C5905D700EC7787 /* SignUpVC.swift */,
				ACACDFF42C59701400088421 /* SignUp2VC.swift */,
				AC243AD02C5A742900EAD093 /* SignInVC.swift */,
			);
			path = Controler;
			sourceTree = "<group>";
		};
		C7B89552ADC8E26B1882D4C0 /* Frameworks */ = {
			isa = PBXGroup;
			children = (
				63377838E7C9F4922CE3EE11 /* Pods_MoneyTransfare.framework */,
			);
			name = Frameworks;
			sourceTree = "<group>";
		};
/* End PBXGroup section */

/* Begin PBXNativeTarget section */
		ACDC87F22C5905D700EC7787 /* MoneyTransfare */ = {
			isa = PBXNativeTarget;
			buildConfigurationList = ACDC88072C5905D800EC7787 /* Build configuration list for PBXNativeTarget "MoneyTransfare" */;
			buildPhases = (
				913BAA7115695D01541D16EF /* [CP] Check Pods Manifest.lock */,
				ACDC87EF2C5905D700EC7787 /* Sources */,
				ACDC87F02C5905D700EC7787 /* Frameworks */,
				ACDC87F12C5905D700EC7787 /* Resources */,
				F481921715E6E4BF88CE0D25 /* [CP] Embed Pods Frameworks */,
			);
			buildRules = (
			);
			dependencies = (
			);
			name = MoneyTransfare;
			productName = MoneyTransfare;
			productReference = ACDC87F32C5905D700EC7787 /* MoneyTransfare.app */;
			productType = "com.apple.product-type.application";
		};
/* End PBXNativeTarget section */

/* Begin PBXProject section */
		ACDC87EB2C5905D700EC7787 /* Project object */ = {
			isa = PBXProject;
			attributes = {
				BuildIndependentTargetsInParallel = 1;
				LastSwiftUpdateCheck = 1500;
				LastUpgradeCheck = 1500;
				TargetAttributes = {
					ACDC87F22C5905D700EC7787 = {
						CreatedOnToolsVersion = 15.0.1;
					};
				};
			};
			buildConfigurationList = ACDC87EE2C5905D700EC7787 /* Build configuration list for PBXProject "MoneyTransfare" */;
			compatibilityVersion = "Xcode 13.0";
			developmentRegion = en;
			hasScannedForEncodings = 0;
			knownRegions = (
				en,
				Base,
			);
			mainGroup = ACDC87EA2C5905D700EC7787;
			productRefGroup = ACDC87F42C5905D700EC7787 /* Products */;
			projectDirPath = "";
			projectRoot = "";
			targets = (
				ACDC87F22C5905D700EC7787 /* MoneyTransfare */,
			);
		};
/* End PBXProject section */

/* Begin PBXResourcesBuildPhase section */
		ACDC87F12C5905D700EC7787 /* Resources */ = {
			isa = PBXResourcesBuildPhase;
			buildActionMask = 2147483647;
			files = (
				ACDC88032C5905D800EC7787 /* LaunchScreen.storyboard in Resources */,
				ACDC88002C5905D800EC7787 /* Assets.xcassets in Resources */,
				ACDC87FE2C5905D700EC7787 /* Main.storyboard in Resources */,
			);
			runOnlyForDeploymentPostprocessing = 0;
		};
/* End PBXResourcesBuildPhase section */

/* Begin PBXShellScriptBuildPhase section */
		913BAA7115695D01541D16EF /* [CP] Check Pods Manifest.lock */ = {
			isa = PBXShellScriptBuildPhase;
			buildActionMask = 2147483647;
			files = (
			);
			inputFileListPaths = (
			);
			inputPaths = (
				"${PODS_PODFILE_DIR_PATH}/Podfile.lock",
				"${PODS_ROOT}/Manifest.lock",
			);
			name = "[CP] Check Pods Manifest.lock";
			outputFileListPaths = (
			);
			outputPaths = (
				"$(DERIVED_FILE_DIR)/Pods-MoneyTransfare-checkManifestLockResult.txt",
			);
			runOnlyForDeploymentPostprocessing = 0;
			shellPath = /bin/sh;
			shellScript = "diff \"${PODS_PODFILE_DIR_PATH}/Podfile.lock\" \"${PODS_ROOT}/Manifest.lock\" > /dev/null\nif [ $? != 0 ] ; then\n    # print error to STDERR\n    echo \"error: The sandbox is not in sync with the Podfile.lock. Run 'pod install' or update your CocoaPods installation.\" >&2\n    exit 1\nfi\n# This output is used by Xcode 'outputs' to avoid re-running this script phase.\necho \"SUCCESS\" > \"${SCRIPT_OUTPUT_FILE_0}\"\n";
			showEnvVarsInLog = 0;
		};
		F481921715E6E4BF88CE0D25 /* [CP] Embed Pods Frameworks */ = {
			isa = PBXShellScriptBuildPhase;
			buildActionMask = 2147483647;
			files = (
			);
			inputFileListPaths = (
				"${PODS_ROOT}/Target Support Files/Pods-MoneyTransfare/Pods-MoneyTransfare-frameworks-${CONFIGURATION}-input-files.xcfilelist",
			);
			name = "[CP] Embed Pods Frameworks";
			outputFileListPaths = (
				"${PODS_ROOT}/Target Support Files/Pods-MoneyTransfare/Pods-MoneyTransfare-frameworks-${CONFIGURATION}-output-files.xcfilelist",
			);
			runOnlyForDeploymentPostprocessing = 0;
			shellPath = /bin/sh;
			shellScript = "\"${PODS_ROOT}/Target Support Files/Pods-MoneyTransfare/Pods-MoneyTransfare-frameworks.sh\"\n";
			showEnvVarsInLog = 0;
		};
/* End PBXShellScriptBuildPhase section */

/* Begin PBXSourcesBuildPhase section */
		ACDC87EF2C5905D700EC7787 /* Sources */ = {
			isa = PBXSourcesBuildPhase;
			buildActionMask = 2147483647;
			files = (
				ACDC880C2C591BA500EC7787 /* User.swift in Sources */,
				ACDC87FB2C5905D700EC7787 /* SignUpVC.swift in Sources */,
				ACDC87F72C5905D700EC7787 /* AppDelegate.swift in Sources */,
				ACACDFF52C59701400088421 /* SignUp2VC.swift in Sources */,
				AC243AD12C5A742900EAD093 /* SignInVC.swift in Sources */,
			);
			runOnlyForDeploymentPostprocessing = 0;
		};
/* End PBXSourcesBuildPhase section */

/* Begin PBXVariantGroup section */
		ACDC87FC2C5905D700EC7787 /* Main.storyboard */ = {
			isa = PBXVariantGroup;
			children = (
				ACDC87FD2C5905D700EC7787 /* Base */,
			);
			name = Main.storyboard;
			sourceTree = "<group>";
		};
		ACDC88012C5905D800EC7787 /* LaunchScreen.storyboard */ = {
			isa = PBXVariantGroup;
			children = (
				ACDC88022C5905D800EC7787 /* Base */,
			);
			name = LaunchScreen.storyboard;
			sourceTree = "<group>";
		};
/* End PBXVariantGroup section */

/* Begin XCBuildConfiguration section */
		ACDC88052C5905D800EC7787 /* Debug */ = {
			isa = XCBuildConfiguration;
			buildSettings = {
				ALWAYS_SEARCH_USER_PATHS = NO;
				ASSETCATALOG_COMPILER_GENERATE_SWIFT_ASSET_SYMBOL_EXTENSIONS = YES;
				CLANG_ANALYZER_NONNULL = YES;
				CLANG_ANALYZER_NUMBER_OBJECT_CONVERSION = YES_AGGRESSIVE;
				CLANG_CXX_LANGUAGE_STANDARD = "gnu++20";
				CLANG_ENABLE_MODULES = YES;
				CLANG_ENABLE_OBJC_ARC = YES;
				CLANG_ENABLE_OBJC_WEAK = YES;
				CLANG_WARN_BLOCK_CAPTURE_AUTORELEASING = YES;
				CLANG_WARN_BOOL_CONVERSION = YES;
				CLANG_WARN_COMMA = YES;
				CLANG_WARN_CONSTANT_CONVERSION = YES;
				CLANG_WARN_DEPRECATED_OBJC_IMPLEMENTATIONS = YES;
				CLANG_WARN_DIRECT_OBJC_ISA_USAGE = YES_ERROR;
				CLANG_WARN_DOCUMENTATION_COMMENTS = YES;
				CLANG_WARN_EMPTY_BODY = YES;
				CLANG_WARN_ENUM_CONVERSION = YES;
				CLANG_WARN_INFINITE_RECURSION = YES;
				CLANG_WARN_INT_CONVERSION = YES;
				CLANG_WARN_NON_LITERAL_NULL_CONVERSION = YES;
				CLANG_WARN_OBJC_IMPLICIT_RETAIN_SELF = YES;
				CLANG_WARN_OBJC_LITERAL_CONVERSION = YES;
				CLANG_WARN_OBJC_ROOT_CLASS = YES_ERROR;
				CLANG_WARN_QUOTED_INCLUDE_IN_FRAMEWORK_HEADER = YES;
				CLANG_WARN_RANGE_LOOP_ANALYSIS = YES;
				CLANG_WARN_STRICT_PROTOTYPES = YES;
				CLANG_WARN_SUSPICIOUS_MOVE = YES;
				CLANG_WARN_UNGUARDED_AVAILABILITY = YES_AGGRESSIVE;
				CLANG_WARN_UNREACHABLE_CODE = YES;
				CLANG_WARN__DUPLICATE_METHOD_MATCH = YES;
				COPY_PHASE_STRIP = NO;
				DEBUG_INFORMATION_FORMAT = dwarf;
				ENABLE_STRICT_OBJC_MSGSEND = YES;
				ENABLE_TESTABILITY = YES;
				ENABLE_USER_SCRIPT_SANDBOXING = YES;
				GCC_C_LANGUAGE_STANDARD = gnu17;
				GCC_DYNAMIC_NO_PIC = NO;
				GCC_NO_COMMON_BLOCKS = YES;
				GCC_OPTIMIZATION_LEVEL = 0;
				GCC_PREPROCESSOR_DEFINITIONS = (
					"DEBUG=1",
					"$(inherited)",
				);
				GCC_WARN_64_TO_32_BIT_CONVERSION = YES;
				GCC_WARN_ABOUT_RETURN_TYPE = YES_ERROR;
				GCC_WARN_UNDECLARED_SELECTOR = YES;
				GCC_WARN_UNINITIALIZED_AUTOS = YES_AGGRESSIVE;
				GCC_WARN_UNUSED_FUNCTION = YES;
				GCC_WARN_UNUSED_VARIABLE = YES;
				IPHONEOS_DEPLOYMENT_TARGET = 17.0;
				LOCALIZATION_PREFERS_STRING_CATALOGS = YES;
				MTL_ENABLE_DEBUG_INFO = INCLUDE_SOURCE;
				MTL_FAST_MATH = YES;
				ONLY_ACTIVE_ARCH = YES;
				SDKROOT = iphoneos;
				SWIFT_ACTIVE_COMPILATION_CONDITIONS = "DEBUG $(inherited)";
				SWIFT_OPTIMIZATION_LEVEL = "-Onone";
			};
			name = Debug;
		};
		ACDC88062C5905D800EC7787 /* Release */ = {
			isa = XCBuildConfiguration;
			buildSettings = {
				ALWAYS_SEARCH_USER_PATHS = NO;
				ASSETCATALOG_COMPILER_GENERATE_SWIFT_ASSET_SYMBOL_EXTENSIONS = YES;
				CLANG_ANALYZER_NONNULL = YES;
				CLANG_ANALYZER_NUMBER_OBJECT_CONVERSION = YES_AGGRESSIVE;
				CLANG_CXX_LANGUAGE_STANDARD = "gnu++20";
				CLANG_ENABLE_MODULES = YES;
				CLANG_ENABLE_OBJC_ARC = YES;
				CLANG_ENABLE_OBJC_WEAK = YES;
				CLANG_WARN_BLOCK_CAPTURE_AUTORELEASING = YES;
				CLANG_WARN_BOOL_CONVERSION = YES;
				CLANG_WARN_COMMA = YES;
				CLANG_WARN_CONSTANT_CONVERSION = YES;
				CLANG_WARN_DEPRECATED_OBJC_IMPLEMENTATIONS = YES;
				CLANG_WARN_DIRECT_OBJC_ISA_USAGE = YES_ERROR;
				CLANG_WARN_DOCUMENTATION_COMMENTS = YES;
				CLANG_WARN_EMPTY_BODY = YES;
				CLANG_WARN_ENUM_CONVERSION = YES;
				CLANG_WARN_INFINITE_RECURSION = YES;
				CLANG_WARN_INT_CONVERSION = YES;
				CLANG_WARN_NON_LITERAL_NULL_CONVERSION = YES;
				CLANG_WARN_OBJC_IMPLICIT_RETAIN_SELF = YES;
				CLANG_WARN_OBJC_LITERAL_CONVERSION = YES;
				CLANG_WARN_OBJC_ROOT_CLASS = YES_ERROR;
				CLANG_WARN_QUOTED_INCLUDE_IN_FRAMEWORK_HEADER = YES;
				CLANG_WARN_RANGE_LOOP_ANALYSIS = YES;
				CLANG_WARN_STRICT_PROTOTYPES = YES;
				CLANG_WARN_SUSPICIOUS_MOVE = YES;
				CLANG_WARN_UNGUARDED_AVAILABILITY = YES_AGGRESSIVE;
				CLANG_WARN_UNREACHABLE_CODE = YES;
				CLANG_WARN__DUPLICATE_METHOD_MATCH = YES;
				COPY_PHASE_STRIP = NO;
				DEBUG_INFORMATION_FORMAT = "dwarf-with-dsym";
				ENABLE_NS_ASSERTIONS = NO;
				ENABLE_STRICT_OBJC_MSGSEND = YES;
				ENABLE_USER_SCRIPT_SANDBOXING = YES;
				GCC_C_LANGUAGE_STANDARD = gnu17;
				GCC_NO_COMMON_BLOCKS = YES;
				GCC_WARN_64_TO_32_BIT_CONVERSION = YES;
				GCC_WARN_ABOUT_RETURN_TYPE = YES_ERROR;
				GCC_WARN_UNDECLARED_SELECTOR = YES;
				GCC_WARN_UNINITIALIZED_AUTOS = YES_AGGRESSIVE;
				GCC_WARN_UNUSED_FUNCTION = YES;
				GCC_WARN_UNUSED_VARIABLE = YES;
				IPHONEOS_DEPLOYMENT_TARGET = 17.0;
				LOCALIZATION_PREFERS_STRING_CATALOGS = YES;
				MTL_ENABLE_DEBUG_INFO = NO;
				MTL_FAST_MATH = YES;
				SDKROOT = iphoneos;
				SWIFT_COMPILATION_MODE = wholemodule;
				VALIDATE_PRODUCT = YES;
			};
			name = Release;
		};
		ACDC88082C5905D800EC7787 /* Debug */ = {
			isa = XCBuildConfiguration;
			baseConfigurationReference = 12543078B263EC5AF69377F4 /* Pods-MoneyTransfare.debug.xcconfig */;
			buildSettings = {
				ASSETCATALOG_COMPILER_APPICON_NAME = AppIcon;
				ASSETCATALOG_COMPILER_GLOBAL_ACCENT_COLOR_NAME = AccentColor;
				CODE_SIGN_STYLE = Automatic;
				CURRENT_PROJECT_VERSION = 1;
				GENERATE_INFOPLIST_FILE = YES;
				INFOPLIST_FILE = MoneyTransfare/Info.plist;
				INFOPLIST_KEY_UIApplicationSupportsIndirectInputEvents = YES;
				INFOPLIST_KEY_UILaunchStoryboardName = LaunchScreen;
				INFOPLIST_KEY_UIMainStoryboardFile = Main;
				INFOPLIST_KEY_UISupportedInterfaceOrientations_iPad = "UIInterfaceOrientationPortrait UIInterfaceOrientationPortraitUpsideDown UIInterfaceOrientationLandscapeLeft UIInterfaceOrientationLandscapeRight";
				INFOPLIST_KEY_UISupportedInterfaceOrientations_iPhone = "UIInterfaceOrientationPortrait UIInterfaceOrientationLandscapeLeft UIInterfaceOrientationLandscapeRight";
				IPHONEOS_DEPLOYMENT_TARGET = 14.0;
				LD_RUNPATH_SEARCH_PATHS = (
					"$(inherited)",
					"@executable_path/Frameworks",
				);
				MARKETING_VERSION = 1.0;
				PRODUCT_BUNDLE_IDENTIFIER = com.mariowkhadijah.MoneyTransfare;
				PRODUCT_NAME = "$(TARGET_NAME)";
				SWIFT_EMIT_LOC_STRINGS = YES;
				SWIFT_VERSION = 5.0;
				TARGETED_DEVICE_FAMILY = "1,2";
			};
			name = Debug;
		};
		ACDC88092C5905D800EC7787 /* Release */ = {
			isa = XCBuildConfiguration;
			baseConfigurationReference = 6A947679DC4770C40D1DFD5C /* Pods-MoneyTransfare.release.xcconfig */;
			buildSettings = {
				ASSETCATALOG_COMPILER_APPICON_NAME = AppIcon;
				ASSETCATALOG_COMPILER_GLOBAL_ACCENT_COLOR_NAME = AccentColor;
				CODE_SIGN_STYLE = Automatic;
				CURRENT_PROJECT_VERSION = 1;
				GENERATE_INFOPLIST_FILE = YES;
				INFOPLIST_FILE = MoneyTransfare/Info.plist;
				INFOPLIST_KEY_UIApplicationSupportsIndirectInputEvents = YES;
				INFOPLIST_KEY_UILaunchStoryboardName = LaunchScreen;
				INFOPLIST_KEY_UIMainStoryboardFile = Main;
				INFOPLIST_KEY_UISupportedInterfaceOrientations_iPad = "UIInterfaceOrientationPortrait UIInterfaceOrientationPortraitUpsideDown UIInterfaceOrientationLandscapeLeft UIInterfaceOrientationLandscapeRight";
				INFOPLIST_KEY_UISupportedInterfaceOrientations_iPhone = "UIInterfaceOrientationPortrait UIInterfaceOrientationLandscapeLeft UIInterfaceOrientationLandscapeRight";
				IPHONEOS_DEPLOYMENT_TARGET = 14.0;
				LD_RUNPATH_SEARCH_PATHS = (
					"$(inherited)",
					"@executable_path/Frameworks",
				);
				MARKETING_VERSION = 1.0;
				PRODUCT_BUNDLE_IDENTIFIER = com.mariowkhadijah.MoneyTransfare;
				PRODUCT_NAME = "$(TARGET_NAME)";
				SWIFT_EMIT_LOC_STRINGS = YES;
				SWIFT_VERSION = 5.0;
				TARGETED_DEVICE_FAMILY = "1,2";
			};
			name = Release;
		};
/* End XCBuildConfiguration section */

/* Begin XCConfigurationList section */
		ACDC87EE2C5905D700EC7787 /* Build configuration list for PBXProject "MoneyTransfare" */ = {
			isa = XCConfigurationList;
			buildConfigurations = (
				ACDC88052C5905D800EC7787 /* Debug */,
				ACDC88062C5905D800EC7787 /* Release */,
			);
			defaultConfigurationIsVisible = 0;
			defaultConfigurationName = Release;
		};
		ACDC88072C5905D800EC7787 /* Build configuration list for PBXNativeTarget "MoneyTransfare" */ = {
			isa = XCConfigurationList;
			buildConfigurations = (
				ACDC88082C5905D800EC7787 /* Debug */,
				ACDC88092C5905D800EC7787 /* Release */,
			);
			defaultConfigurationIsVisible = 0;
			defaultConfigurationName = Release;
		};
/* End XCConfigurationList section */
	};
	rootObject = ACDC87EB2C5905D700EC7787 /* Project object */;
}
